
Microsoft Visual Studio Solution File, Format Version 12.00
# Visual Studio Version 17
VisualStudioVersion = 17.13.35931.197
MinimumVisualStudioVersion = 10.0.40219.1
Project("{FAE04EC0-301F-11D3-BF4B-00C04F79EFBC}") = "PhisicsExamQuestions", "ConsoleApp1\PhisicsExamQuestions.csproj", "{6207A1B9-5126-44C4-8AA3-F9B942E29735}"
EndProject
Project("{FAE04EC0-301F-11D3-BF4B-00C04F79EFBC}") = "PEQ_WinFormsApp", "PEQ_WinFormsApp\PEQ_WinFormsApp.csproj", "{10551BE4-AF3C-429F-A697-C1BFD82DE2BB}"
EndProject
Project("{FAE04EC0-301F-11D3-BF4B-00C04F79EFBC}") = "PhisicsExamQuestions.Common", "ClassLibrary\PhisicsExamQuestions.Common.csproj", "{44355E9E-127B-4D6E-9091-B1A9D5166692}"
EndProject
Global
	GlobalSection(SolutionConfigurationPlatforms) = preSolution
		Debug|Any CPU = Debug|Any CPU
		Release|Any CPU = Release|Any CPU
	EndGlobalSection
	GlobalSection(ProjectConfigurationPlatforms) = postSolution
		{6207A1B9-5126-44C4-8AA3-F9B942E29735}.Debug|Any CPU.ActiveCfg = Debug|Any CPU
		{6207A1B9-5126-44C4-8AA3-F9B942E29735}.Debug|Any CPU.Build.0 = Debug|Any CPU
		{6207A1B9-5126-44C4-8AA3-F9B942E29735}.Release|Any CPU.ActiveCfg = Release|Any CPU
		{6207A1B9-5126-44C4-8AA3-F9B942E29735}.Release|Any CPU.Build.0 = Release|Any CPU
		{10551BE4-AF3C-429F-A697-C1BFD82DE2BB}.Debug|Any CPU.ActiveCfg = Debug|Any CPU
		{10551BE4-AF3C-429F-A697-C1BFD82DE2BB}.Debug|Any CPU.Build.0 = Debug|Any CPU
		{10551BE4-AF3C-429F-A697-C1BFD82DE2BB}.Release|Any CPU.ActiveCfg = Release|Any CPU
		{10551BE4-AF3C-429F-A697-C1BFD82DE2BB}.Release|Any CPU.Build.0 = Release|Any CPU
		{44355E9E-127B-4D6E-9091-B1A9D5166692}.Debug|Any CPU.ActiveCfg = Debug|Any CPU
		{44355E9E-127B-4D6E-9091-B1A9D5166692}.Debug|Any CPU.Build.0 = Debug|Any CPU
		{44355E9E-127B-4D6E-9091-B1A9D5166692}.Release|Any CPU.ActiveCfg = Release|Any CPU
		{44355E9E-127B-4D6E-9091-B1A9D5166692}.Release|Any CPU.Build.0 = Release|Any CPU
	EndGlobalSection
	GlobalSection(SolutionProperties) = preSolution
		HideSolutionNode = FALSE
	EndGlobalSection
	GlobalSection(ExtensibilityGlobals) = postSolution
		SolutionGuid = {A4594596-D2ED-483E-A30F-58714FB5C1D3}
	EndGlobalSection
EndGlobal
